
Microsoft Visual Studio Solution File, Format Version 12.00
# Visual Studio Version 17
VisualStudioVersion = 17.0.32126.317
MinimumVisualStudioVersion = 10.0.40219.1
Project("{FAE04EC0-301F-11D3-BF4B-00C04F79EFBC}") = "WebAPI_ECommerceSystem", "WebAPI_ECommerceSystem\WebAPI_ECommerceSystem.csproj", "{6ACC350E-1987-4522-856C-D83E34C3E503}"
EndProject
Global
	GlobalSection(SolutionConfigurationPlatforms) = preSolution
		Debug|Any CPU = Debug|Any CPU
		Release|Any CPU = Release|Any CPU
	EndGlobalSection
	GlobalSection(ProjectConfigurationPlatforms) = postSolution
		{6ACC350E-1987-4522-856C-D83E34C3E503}.Debug|Any CPU.ActiveCfg = Debug|Any CPU
		{6ACC350E-1987-4522-856C-D83E34C3E503}.Debug|Any CPU.Build.0 = Debug|Any CPU
		{6ACC350E-1987-4522-856C-D83E34C3E503}.Release|Any CPU.ActiveCfg = Release|Any CPU
		{6ACC350E-1987-4522-856C-D83E34C3E503}.Release|Any CPU.Build.0 = Release|Any CPU
	EndGlobalSection
	GlobalSection(SolutionProperties) = preSolution
		HideSolutionNode = FALSE
	EndGlobalSection
	GlobalSection(ExtensibilityGlobals) = postSolution
		SolutionGuid = {DB30966A-5FA8-405F-BFE8-B19276CAAA21}
	EndGlobalSection
EndGlobal
